
Microsoft Visual Studio Solution File, Format Version 12.00
# Visual Studio 15
VisualStudioVersion = 15.0.27130.2027
MinimumVisualStudioVersion = 10.0.40219.1
Project("{FAE04EC0-301F-11D3-BF4B-00C04F79EFBC}") = "MD_DataMigration.Forms", "MD_DataMigration.Forms\MD_DataMigration.Forms.csproj", "{634B2A68-6C51-4F0B-85A1-9AC5687118FE}"
EndProject
Project("{FAE04EC0-301F-11D3-BF4B-00C04F79EFBC}") = "MD_DataMigration.Data", "MD_DataMigration.Data\MD_DataMigration.Data.csproj", "{1951FE7E-9C15-44B3-A1AE-A951A6417494}"
EndProject
Global
	GlobalSection(SolutionConfigurationPlatforms) = preSolution
		Debug|Any CPU = Debug|Any CPU
		Release|Any CPU = Release|Any CPU
	EndGlobalSection
	GlobalSection(ProjectConfigurationPlatforms) = postSolution
		{634B2A68-6C51-4F0B-85A1-9AC5687118FE}.Debug|Any CPU.ActiveCfg = Debug|Any CPU
		{634B2A68-6C51-4F0B-85A1-9AC5687118FE}.Debug|Any CPU.Build.0 = Debug|Any CPU
		{634B2A68-6C51-4F0B-85A1-9AC5687118FE}.Release|Any CPU.ActiveCfg = Release|Any CPU
		{634B2A68-6C51-4F0B-85A1-9AC5687118FE}.Release|Any CPU.Build.0 = Release|Any CPU
		{1951FE7E-9C15-44B3-A1AE-A951A6417494}.Debug|Any CPU.ActiveCfg = Debug|Any CPU
		{1951FE7E-9C15-44B3-A1AE-A951A6417494}.Debug|Any CPU.Build.0 = Debug|Any CPU
		{1951FE7E-9C15-44B3-A1AE-A951A6417494}.Release|Any CPU.ActiveCfg = Release|Any CPU
		{1951FE7E-9C15-44B3-A1AE-A951A6417494}.Release|Any CPU.Build.0 = Release|Any CPU
	EndGlobalSection
	GlobalSection(SolutionProperties) = preSolution
		HideSolutionNode = FALSE
	EndGlobalSection
	GlobalSection(ExtensibilityGlobals) = postSolution
		SolutionGuid = {96D7B3B4-578F-4D8D-9BB9-60AAC97A87DB}
	EndGlobalSection
EndGlobal
